{
    "_meta": {
        "hash": {
            "sha256": "0058cd9155d6cd09f8d276bbd4d82c7c514fa058977e70abaa4ce35d040f293b"
        },
        "pipfile-spec": 6,
        "requires": {
            "python_version": "3.11"
        },
        "sources": [
            {
                "name": "pypi",
                "url": "https://pypi.org/simple",
                "verify_ssl": true
            }
        ]
    },
    "default": {
        "etsv": {
            "editable": true,
            "file": "etsv"
        }
    },
    "develop": {}
}
